
Microsoft Visual Studio Solution File, Format Version 12.00
# Visual Studio Version 16
VisualStudioVersion = 16.0.33214.272
MinimumVisualStudioVersion = 10.0.40219.1
Project("{FAE04EC0-301F-11D3-BF4B-00C04F79EFBC}") = "T4_MR1176323E2", "T4_MR1176323E2\T4_MR1176323E2.csproj", "{1FAEEEB9-89C2-4BE9-B254-2DB8AB7B1CA0}"
EndProject
Global
	GlobalSection(SolutionConfigurationPlatforms) = preSolution
		Debug|Any CPU = Debug|Any CPU
		Release|Any CPU = Release|Any CPU
	EndGlobalSection
	GlobalSection(ProjectConfigurationPlatforms) = postSolution
		{1FAEEEB9-89C2-4BE9-B254-2DB8AB7B1CA0}.Debug|Any CPU.ActiveCfg = Debug|Any CPU
		{1FAEEEB9-89C2-4BE9-B254-2DB8AB7B1CA0}.Debug|Any CPU.Build.0 = Debug|Any CPU
		{1FAEEEB9-89C2-4BE9-B254-2DB8AB7B1CA0}.Release|Any CPU.ActiveCfg = Release|Any CPU
		{1FAEEEB9-89C2-4BE9-B254-2DB8AB7B1CA0}.Release|Any CPU.Build.0 = Release|Any CPU
	EndGlobalSection
	GlobalSection(SolutionProperties) = preSolution
		HideSolutionNode = FALSE
	EndGlobalSection
	GlobalSection(ExtensibilityGlobals) = postSolution
		SolutionGuid = {59022741-036D-4E4B-A027-05384E1B39EC}
	EndGlobalSection
EndGlobal
